
Microsoft Visual Studio Solution File, Format Version 12.00
# Visual Studio Version 17
VisualStudioVersion = 17.13.35931.197 d17.13
MinimumVisualStudioVersion = 10.0.40219.1
Project("{FAE04EC0-301F-11D3-BF4B-00C04F79EFBC}") = "CompanyManagementSystem", "CompanyManagementSystem\CompanyManagementSystem.csproj", "{93FC9916-A6A0-417C-B136-B490DA31224F}"
EndProject
Global
	GlobalSection(SolutionConfigurationPlatforms) = preSolution
		Debug|Any CPU = Debug|Any CPU
		Release|Any CPU = Release|Any CPU
	EndGlobalSection
	GlobalSection(ProjectConfigurationPlatforms) = postSolution
		{93FC9916-A6A0-417C-B136-B490DA31224F}.Debug|Any CPU.ActiveCfg = Debug|Any CPU
		{93FC9916-A6A0-417C-B136-B490DA31224F}.Debug|Any CPU.Build.0 = Debug|Any CPU
		{93FC9916-A6A0-417C-B136-B490DA31224F}.Release|Any CPU.ActiveCfg = Release|Any CPU
		{93FC9916-A6A0-417C-B136-B490DA31224F}.Release|Any CPU.Build.0 = Release|Any CPU
	EndGlobalSection
	GlobalSection(SolutionProperties) = preSolution
		HideSolutionNode = FALSE
	EndGlobalSection
	GlobalSection(ExtensibilityGlobals) = postSolution
		SolutionGuid = {46DDD539-D0BD-4A27-B3E9-509C31338D2F}
	EndGlobalSection
EndGlobal
